
Microsoft Visual Studio Solution File, Format Version 12.00
# Visual Studio Version 17
VisualStudioVersion = 17.13.35825.156 d17.13
MinimumVisualStudioVersion = 10.0.40219.1
Project("{FAE04EC0-301F-11D3-BF4B-00C04F79EFBC}") = "Tong2so", "Tong2so\Tong2so.csproj", "{294FBB24-03F1-4BBD-804D-0B0ACDC5E454}"
EndProject
Global
	GlobalSection(SolutionConfigurationPlatforms) = preSolution
		Debug|Any CPU = Debug|Any CPU
		Release|Any CPU = Release|Any CPU
	EndGlobalSection
	GlobalSection(ProjectConfigurationPlatforms) = postSolution
		{294FBB24-03F1-4BBD-804D-0B0ACDC5E454}.Debug|Any CPU.ActiveCfg = Debug|Any CPU
		{294FBB24-03F1-4BBD-804D-0B0ACDC5E454}.Debug|Any CPU.Build.0 = Debug|Any CPU
		{294FBB24-03F1-4BBD-804D-0B0ACDC5E454}.Release|Any CPU.ActiveCfg = Release|Any CPU
		{294FBB24-03F1-4BBD-804D-0B0ACDC5E454}.Release|Any CPU.Build.0 = Release|Any CPU
	EndGlobalSection
	GlobalSection(SolutionProperties) = preSolution
		HideSolutionNode = FALSE
	EndGlobalSection
	GlobalSection(ExtensibilityGlobals) = postSolution
		SolutionGuid = {5A512E00-AF4A-4F3B-A69D-E398D61B92D6}
	EndGlobalSection
EndGlobal
