
Microsoft Visual Studio Solution File, Format Version 12.00
# Visual Studio Version 17
VisualStudioVersion = 17.13.35825.156 d17.13
MinimumVisualStudioVersion = 10.0.40219.1
Project("{FAE04EC0-301F-11D3-BF4B-00C04F79EFBC}") = "PtBac1", "PtBac1\PtBac1.csproj", "{8425D939-3BA3-410C-B84A-5DD9C5C6D71F}"
EndProject
Global
	GlobalSection(SolutionConfigurationPlatforms) = preSolution
		Debug|Any CPU = Debug|Any CPU
		Release|Any CPU = Release|Any CPU
	EndGlobalSection
	GlobalSection(ProjectConfigurationPlatforms) = postSolution
		{8425D939-3BA3-410C-B84A-5DD9C5C6D71F}.Debug|Any CPU.ActiveCfg = Debug|Any CPU
		{8425D939-3BA3-410C-B84A-5DD9C5C6D71F}.Debug|Any CPU.Build.0 = Debug|Any CPU
		{8425D939-3BA3-410C-B84A-5DD9C5C6D71F}.Release|Any CPU.ActiveCfg = Release|Any CPU
		{8425D939-3BA3-410C-B84A-5DD9C5C6D71F}.Release|Any CPU.Build.0 = Release|Any CPU
	EndGlobalSection
	GlobalSection(SolutionProperties) = preSolution
		HideSolutionNode = FALSE
	EndGlobalSection
	GlobalSection(ExtensibilityGlobals) = postSolution
		SolutionGuid = {265F49E3-2198-4181-80EC-62875C0969E0}
	EndGlobalSection
EndGlobal
