
Microsoft Visual Studio Solution File, Format Version 12.00
# Visual Studio Version 17
VisualStudioVersion = 17.13.35818.85 d17.13
MinimumVisualStudioVersion = 10.0.40219.1
Project("{FAE04EC0-301F-11D3-BF4B-00C04F79EFBC}") = "SoNgay", "SoNgay\SoNgay.csproj", "{23A6D939-AC5F-48BF-81A9-AA80D17BBD7C}"
EndProject
Global
	GlobalSection(SolutionConfigurationPlatforms) = preSolution
		Debug|Any CPU = Debug|Any CPU
		Release|Any CPU = Release|Any CPU
	EndGlobalSection
	GlobalSection(ProjectConfigurationPlatforms) = postSolution
		{23A6D939-AC5F-48BF-81A9-AA80D17BBD7C}.Debug|Any CPU.ActiveCfg = Debug|Any CPU
		{23A6D939-AC5F-48BF-81A9-AA80D17BBD7C}.Debug|Any CPU.Build.0 = Debug|Any CPU
		{23A6D939-AC5F-48BF-81A9-AA80D17BBD7C}.Release|Any CPU.ActiveCfg = Release|Any CPU
		{23A6D939-AC5F-48BF-81A9-AA80D17BBD7C}.Release|Any CPU.Build.0 = Release|Any CPU
	EndGlobalSection
	GlobalSection(SolutionProperties) = preSolution
		HideSolutionNode = FALSE
	EndGlobalSection
	GlobalSection(ExtensibilityGlobals) = postSolution
		SolutionGuid = {28CFD0BF-CD49-4E65-9FCF-B21F216A8700}
	EndGlobalSection
EndGlobal
