
Microsoft Visual Studio Solution File, Format Version 12.00
# Visual Studio Version 17
VisualStudioVersion = 17.13.35825.156 d17.13
MinimumVisualStudioVersion = 10.0.40219.1
Project("{FAE04EC0-301F-11D3-BF4B-00C04F79EFBC}") = "Hinhtron", "Hinhtron\Hinhtron.csproj", "{9DADF681-7383-4E38-9300-61710AE28122}"
EndProject
Global
	GlobalSection(SolutionConfigurationPlatforms) = preSolution
		Debug|Any CPU = Debug|Any CPU
		Release|Any CPU = Release|Any CPU
	EndGlobalSection
	GlobalSection(ProjectConfigurationPlatforms) = postSolution
		{9DADF681-7383-4E38-9300-61710AE28122}.Debug|Any CPU.ActiveCfg = Debug|Any CPU
		{9DADF681-7383-4E38-9300-61710AE28122}.Debug|Any CPU.Build.0 = Debug|Any CPU
		{9DADF681-7383-4E38-9300-61710AE28122}.Release|Any CPU.ActiveCfg = Release|Any CPU
		{9DADF681-7383-4E38-9300-61710AE28122}.Release|Any CPU.Build.0 = Release|Any CPU
	EndGlobalSection
	GlobalSection(SolutionProperties) = preSolution
		HideSolutionNode = FALSE
	EndGlobalSection
	GlobalSection(ExtensibilityGlobals) = postSolution
		SolutionGuid = {B5413FD0-A582-46BF-B39B-9DD26D2D1666}
	EndGlobalSection
EndGlobal
