
Microsoft Visual Studio Solution File, Format Version 12.00
# Visual Studio Version 17
VisualStudioVersion = 17.13.35825.156 d17.13
MinimumVisualStudioVersion = 10.0.40219.1
Project("{FAE04EC0-301F-11D3-BF4B-00C04F79EFBC}") = "TinhS", "TinhS\TinhS.csproj", "{9B6B7A97-BC5C-4E30-B668-992347144376}"
EndProject
Global
	GlobalSection(SolutionConfigurationPlatforms) = preSolution
		Debug|Any CPU = Debug|Any CPU
		Release|Any CPU = Release|Any CPU
	EndGlobalSection
	GlobalSection(ProjectConfigurationPlatforms) = postSolution
		{9B6B7A97-BC5C-4E30-B668-992347144376}.Debug|Any CPU.ActiveCfg = Debug|Any CPU
		{9B6B7A97-BC5C-4E30-B668-992347144376}.Debug|Any CPU.Build.0 = Debug|Any CPU
		{9B6B7A97-BC5C-4E30-B668-992347144376}.Release|Any CPU.ActiveCfg = Release|Any CPU
		{9B6B7A97-BC5C-4E30-B668-992347144376}.Release|Any CPU.Build.0 = Release|Any CPU
	EndGlobalSection
	GlobalSection(SolutionProperties) = preSolution
		HideSolutionNode = FALSE
	EndGlobalSection
	GlobalSection(ExtensibilityGlobals) = postSolution
		SolutionGuid = {5E0A05E7-5543-4CCD-9658-3FAD88EBFFB6}
	EndGlobalSection
EndGlobal
