
Microsoft Visual Studio Solution File, Format Version 12.00
# Visual Studio Version 17
VisualStudioVersion = 17.13.35825.156 d17.13
MinimumVisualStudioVersion = 10.0.40219.1
Project("{FAE04EC0-301F-11D3-BF4B-00C04F79EFBC}") = "MaxinArr", "MaxinArr\MaxinArr.csproj", "{77EA9D0E-CECD-4E35-B60C-C42A60A90C8C}"
EndProject
Global
	GlobalSection(SolutionConfigurationPlatforms) = preSolution
		Debug|Any CPU = Debug|Any CPU
		Release|Any CPU = Release|Any CPU
	EndGlobalSection
	GlobalSection(ProjectConfigurationPlatforms) = postSolution
		{77EA9D0E-CECD-4E35-B60C-C42A60A90C8C}.Debug|Any CPU.ActiveCfg = Debug|Any CPU
		{77EA9D0E-CECD-4E35-B60C-C42A60A90C8C}.Debug|Any CPU.Build.0 = Debug|Any CPU
		{77EA9D0E-CECD-4E35-B60C-C42A60A90C8C}.Release|Any CPU.ActiveCfg = Release|Any CPU
		{77EA9D0E-CECD-4E35-B60C-C42A60A90C8C}.Release|Any CPU.Build.0 = Release|Any CPU
	EndGlobalSection
	GlobalSection(SolutionProperties) = preSolution
		HideSolutionNode = FALSE
	EndGlobalSection
	GlobalSection(ExtensibilityGlobals) = postSolution
		SolutionGuid = {E73FEF5B-DF4C-4197-8D75-EA79A4E41D1D}
	EndGlobalSection
EndGlobal
